{
  "nodes": {
    "fenix": {
      "inputs": {
        "nixpkgs": [
          "nixpkgs"
        ],
        "rust-analyzer-src": "rust-analyzer-src"
      },
      "locked": {
        "lastModified": 1776845169,
        "narHash": "sha256-Ya6Ba5oC0+PK1TSU4Rkjpoca73mUp6FoHQV5QGnqbx0=",
        "owner": "nix-community",
        "repo": "fenix",
        "rev": "f0b5be1fa2891221ba8b48784f8fded5ef15301f",
        "type": "github"
      },
      "original": {
        "owner": "nix-community",
        "repo": "fenix",
        "type": "github"
      }
    },
    "flake-parts": {
      "inputs": {
        "nixpkgs-lib": [
          "neovim-nightly-overlay",
          "nixpkgs"
        ]
      },
      "locked": {
        "lastModified": 1775087534,
        "narHash": "sha256-91qqW8lhL7TLwgQWijoGBbiD4t7/q75KTi8NxjVmSmA=",
        "owner": "hercules-ci",
        "repo": "flake-parts",
        "rev": "3107b77cd68437b9a76194f0f7f9c55f2329ca5b",
        "type": "github"
      },
      "original": {
        "owner": "hercules-ci",
        "repo": "flake-parts",
        "type": "github"
      }
    },
    "neovim-nightly-overlay": {
      "inputs": {
        "flake-parts": "flake-parts",
        "neovim-src": "neovim-src",
        "nixpkgs": "nixpkgs"
      },
      "locked": {
        "lastModified": 1776842984,
        "narHash": "sha256-mN9OANR2oOBzVKaJD6aVmj7YXYy7JfZXrv02GvJyU+0=",
        "owner": "nix-community",
        "repo": "neovim-nightly-overlay",
        "rev": "56514e02f71e24cdf9d0cb8de693c74c3991f9d4",
        "type": "github"
      },
      "original": {
        "owner": "nix-community",
        "repo": "neovim-nightly-overlay",
        "type": "github"
      }
    },
    "neovim-src": {
      "flake": false,
      "locked": {
        "lastModified": 1776802301,
        "narHash": "sha256-POX0+8RjLyI3KKOJrJFlakm3Qvuf049ZT9vo2wDcYZM=",
        "owner": "neovim",
        "repo": "neovim",
        "rev": "ff68fd6b8a84ce83c14358db1d70a562f1524ebe",
        "type": "github"
      },
      "original": {
        "owner": "neovim",
        "repo": "neovim",
        "type": "github"
      }
    },
    "nixCats": {
      "locked": {
        "lastModified": 1776724015,
        "narHash": "sha256-kFpzUivYI8F75cZcggmjKM8HEEJPajKNLweYsTYdM7Q=",
        "owner": "BirdeeHub",
        "repo": "nixCats-nvim",
        "rev": "da76c45b33d589836946bb566bd91df4cd3cfb09",
        "type": "github"
      },
      "original": {
        "owner": "BirdeeHub",
        "repo": "nixCats-nvim",
        "type": "github"
      }
    },
    "nixpkgs": {
      "locked": {
        "lastModified": 1776329215,
        "narHash": "sha256-a8BYi3mzoJ/AcJP8UldOx8emoPRLeWqALZWu4ZvjPXw=",
        "owner": "NixOS",
        "repo": "nixpkgs",
        "rev": "b86751bc4085f48661017fa226dee99fab6c651b",
        "type": "github"
      },
      "original": {
        "owner": "NixOS",
        "ref": "nixpkgs-unstable",
        "repo": "nixpkgs",
        "type": "github"
      }
    },
    "nixpkgs_2": {
      "locked": {
        "lastModified": 1776548001,
        "narHash": "sha256-ZSK0NL4a1BwVbbTBoSnWgbJy9HeZFXLYQizjb2DPF24=",
        "owner": "nixos",
        "repo": "nixpkgs",
        "rev": "b12141ef619e0a9c1c84dc8c684040326f27cdcc",
        "type": "github"
      },
      "original": {
        "owner": "nixos",
        "ref": "nixos-unstable",
        "repo": "nixpkgs",
        "type": "github"
      }
    },
    "plugins-argmark": {
      "flake": false,
      "locked": {
        "lastModified": 1762305486,
        "narHash": "sha256-n4msk2ZFVfio5+9+LUGmTru4s11xuwnrZxPlXKXOYF4=",
        "owner": "BirdeeHub",
        "repo": "argmark",
        "rev": "abe66e41a12c000b425f6ee156931c4714b3919e",
        "type": "github"
      },
      "original": {
        "owner": "BirdeeHub",
        "repo": "argmark",
        "type": "github"
      }
    },
    "plugins-lze": {
      "flake": false,
      "locked": {
        "lastModified": 1776724109,
        "narHash": "sha256-bdJew+VUl9BCVYpLEndVQTsvK5E5y3EodCAGS5D9npg=",
        "owner": "BirdeeHub",
        "repo": "lze",
        "rev": "1f7bccd7afe3635fbe8dd308cfec2ed528e7febb",
        "type": "github"
      },
      "original": {
        "owner": "BirdeeHub",
        "repo": "lze",
        "type": "github"
      }
    },
    "plugins-lzextras": {
      "flake": false,
      "locked": {
        "lastModified": 1776724054,
        "narHash": "sha256-T14uJU9XRqSfE2fh9P5cOPgwv6i29e1o6eHJCQrklH0=",
        "owner": "BirdeeHub",
        "repo": "lzextras",
        "rev": "c11cda39c0cb14a6e933fda87ea55cd9e30e4213",
        "type": "github"
      },
      "original": {
        "owner": "BirdeeHub",
        "repo": "lzextras",
        "type": "github"
      }
    },
    "plugins-nvim-lspconfig": {
      "flake": false,
      "locked": {
        "lastModified": 1776770585,
        "narHash": "sha256-Nm4eBblqKWGUSbScIdOpsWnzTW4md2bgADl8lF0IUxc=",
        "owner": "neovim",
        "repo": "nvim-lspconfig",
        "rev": "e146efacbafed3789ac568abcc5a981c5decaa58",
        "type": "github"
      },
      "original": {
        "owner": "neovim",
        "repo": "nvim-lspconfig",
        "type": "github"
      }
    },
    "plugins-nvim-luaref": {
      "flake": false,
      "locked": {
        "lastModified": 1645064202,
        "narHash": "sha256-nmsKg1Ah67fhGzevTFMlncwLX9gN0JkR7Woi0T5On34=",
        "owner": "milisims",
        "repo": "nvim-luaref",
        "rev": "9cd3ed50d5752ffd56d88dd9e395ddd3dc2c7127",
        "type": "github"
      },
      "original": {
        "owner": "milisims",
        "repo": "nvim-luaref",
        "type": "github"
      }
    },
    "plugins-rustaceanvim": {
      "flake": false,
      "locked": {
        "lastModified": 1776818546,
        "narHash": "sha256-qpVM6rpaJTvyU3OJZZqht+fTJwbpTp54otknwayF610=",
        "owner": "mrcjkb",
        "repo": "rustaceanvim",
        "rev": "231bbfbba864b09248264c9f28f1fd7c14cd216f",
        "type": "github"
      },
      "original": {
        "owner": "mrcjkb",
        "repo": "rustaceanvim",
        "type": "github"
      }
    },
    "plugins-snacks.nvim": {
      "flake": false,
      "locked": {
        "lastModified": 1774083139,
        "narHash": "sha256-7lDH1JlTM+H/LWjMlAQPNY6A+xmS/cp+wChy4buGYIU=",
        "owner": "folke",
        "repo": "snacks.nvim",
        "rev": "ad9ede6a9cddf16cedbd31b8932d6dcdee9b716e",
        "type": "github"
      },
      "original": {
        "owner": "folke",
        "repo": "snacks.nvim",
        "type": "github"
      }
    },
    "plugins-visual-whitespace": {
      "flake": false,
      "locked": {
        "lastModified": 1771715155,
        "narHash": "sha256-svKfA9p6WC6k3kbxG4TJxe2r0xpRPdbNTVk2PZcPAiY=",
        "owner": "mcauley-penney",
        "repo": "visual-whitespace.nvim",
        "rev": "49ff2b1c572ed7033a584381fa23aad2bf3bb258",
        "type": "github"
      },
      "original": {
        "owner": "mcauley-penney",
        "repo": "visual-whitespace.nvim",
        "type": "github"
      }
    },
    "root": {
      "inputs": {
        "fenix": "fenix",
        "neovim-nightly-overlay": "neovim-nightly-overlay",
        "nixCats": "nixCats",
        "nixpkgs": "nixpkgs_2",
        "plugins-argmark": "plugins-argmark",
        "plugins-lze": "plugins-lze",
        "plugins-lzextras": "plugins-lzextras",
        "plugins-nvim-lspconfig": "plugins-nvim-lspconfig",
        "plugins-nvim-luaref": "plugins-nvim-luaref",
        "plugins-rustaceanvim": "plugins-rustaceanvim",
        "plugins-snacks.nvim": "plugins-snacks.nvim",
        "plugins-visual-whitespace": "plugins-visual-whitespace",
        "tomlua": "tomlua"
      }
    },
    "rust-analyzer-src": {
      "flake": false,
      "locked": {
        "lastModified": 1776800521,
        "narHash": "sha256-f8YJfwAOsLFpIoqZuX3yF69UvMLrkx7iVzMH1pJU7cM=",
        "owner": "rust-lang",
        "repo": "rust-analyzer",
        "rev": "8954b66d43225e62c92e8bbcc8500191b5cceb1e",
        "type": "github"
      },
      "original": {
        "owner": "rust-lang",
        "ref": "nightly",
        "repo": "rust-analyzer",
        "type": "github"
      }
    },
    "tomlua": {
      "inputs": {
        "nixpkgs": [
          "nixpkgs"
        ]
      },
      "locked": {
        "lastModified": 1776133764,
        "narHash": "sha256-oUMZINzYaIpa3dYxtPe9VJtn2ssNl4wcqUA6bVyb2zE=",
        "owner": "BirdeeHub",
        "repo": "tomlua",
        "rev": "d4b1a45910960b3aa916dbd0326a37574b311bfe",
        "type": "github"
      },
      "original": {
        "owner": "BirdeeHub",
        "repo": "tomlua",
        "type": "github"
      }
    }
  },
  "root": "root",
  "version": 7
}
